
Microsoft Visual Studio Solution File, Format Version 12.00
# Visual Studio Version 17
VisualStudioVersion = 17.14.36109.1 d17.14
MinimumVisualStudioVersion = 10.0.40219.1
Project("{FAE04EC0-301F-11D3-BF4B-00C04F79EFBC}") = "tnki_line_sale_admin", "tnki_line_sale_admin.csproj", "{AD310CC8-0D24-4D1D-8C7D-5D4F553EAE2C}"
EndProject
Global
	GlobalSection(SolutionConfigurationPlatforms) = preSolution
		Debug|Any CPU = Debug|Any CPU
		Release|Any CPU = Release|Any CPU
	EndGlobalSection
	GlobalSection(ProjectConfigurationPlatforms) = postSolution
		{AD310CC8-0D24-4D1D-8C7D-5D4F553EAE2C}.Debug|Any CPU.ActiveCfg = Debug|Any CPU
		{AD310CC8-0D24-4D1D-8C7D-5D4F553EAE2C}.Debug|Any CPU.Build.0 = Debug|Any CPU
		{AD310CC8-0D24-4D1D-8C7D-5D4F553EAE2C}.Release|Any CPU.ActiveCfg = Release|Any CPU
		{AD310CC8-0D24-4D1D-8C7D-5D4F553EAE2C}.Release|Any CPU.Build.0 = Release|Any CPU
	EndGlobalSection
	GlobalSection(SolutionProperties) = preSolution
		HideSolutionNode = FALSE
	EndGlobalSection
	GlobalSection(ExtensibilityGlobals) = postSolution
		SolutionGuid = {5F56C551-4F35-4E54-81A1-3CD41EE7C6BB}
	EndGlobalSection
EndGlobal
